// !$*UTF8*$!
{
	archiveVersion = 1;
	classes = {
	};
	objectVersion = 46;
	objects = {

/* Begin PBXBuildFile section */
		03060496195A2234005D5A4D /* Foundation.framework in Frameworks */ = {isa = PBXBuildFile; fileRef = 03060495195A2234005D5A4D /* Foundation.framework */; };
		03060498195A2234005D5A4D /* CoreGraphics.framework in Frameworks */ = {isa = PBXBuildFile; fileRef = 03060497195A2234005D5A4D /* CoreGraphics.framework */; };
		0306049A195A2234005D5A4D /* UIKit.framework in Frameworks */ = {isa = PBXBuildFile; fileRef = 03060499195A2234005D5A4D /* UIKit.framework */; };
		030604A0195A2234005D5A4D /* InfoPlist.strings in Resources */ = {isa = PBXBuildFile; fileRef = 0306049E195A2234005D5A4D /* InfoPlist.strings */; };
		030604A2195A2234005D5A4D /* main.m in Sources */ = {isa = PBXBuildFile; fileRef = 030604A1195A2234005D5A4D /* main.m */; };
		030604A6195A2234005D5A4D /* SAMAppDelegate.m in Sources */ = {isa = PBXBuildFile; fileRef = 030604A5195A2234005D5A4D /* SAMAppDelegate.m */; };
		030604A9195A2234005D5A4D /* Main.storyboard in Resources */ = {isa = PBXBuildFile; fileRef = 030604A7195A2234005D5A4D /* Main.storyboard */; };
		030604AC195A2234005D5A4D /* SAMViewController.m in Sources */ = {isa = PBXBuildFile; fileRef = 030604AB195A2234005D5A4D /* SAMViewController.m */; };
		030604AE195A2234005D5A4D /* Images.xcassets in Resources */ = {isa = PBXBuildFile; fileRef = 030604AD195A2234005D5A4D /* Images.xcassets */; };
		030604B5195A2234005D5A4D /* XCTest.framework in Frameworks */ = {isa = PBXBuildFile; fileRef = 030604B4195A2234005D5A4D /* XCTest.framework */; };
		030604B6195A2234005D5A4D /* Foundation.framework in Frameworks */ = {isa = PBXBuildFile; fileRef = 03060495195A2234005D5A4D /* Foundation.framework */; };
		030604B7195A2234005D5A4D /* UIKit.framework in Frameworks */ = {isa = PBXBuildFile; fileRef = 03060499195A2234005D5A4D /* UIKit.framework */; };
		030604BF195A2234005D5A4D /* InfoPlist.strings in Resources */ = {isa = PBXBuildFile; fileRef = 030604BD195A2234005D5A4D /* InfoPlist.strings */; };
		030604C1195A2234005D5A4D /* DynamiclySizedTableViewCellsTests.m in Sources */ = {isa = PBXBuildFile; fileRef = 030604C0195A2234005D5A4D /* DynamiclySizedTableViewCellsTests.m */; };
/* End PBXBuildFile section */

/* Begin PBXContainerItemProxy section */
		030604B8195A2234005D5A4D /* PBXContainerItemProxy */ = {
			isa = PBXContainerItemProxy;
			containerPortal = 0306048A195A2234005D5A4D /* Project object */;
			proxyType = 1;
			remoteGlobalIDString = 03060491195A2234005D5A4D;
			remoteInfo = DynamiclySizedTableViewCells;
		};
/* End PBXContainerItemProxy section */

/* Begin PBXFileReference section */
		03060492195A2234005D5A4D /* DynamiclySizedTableViewCells.app */ = {isa = PBXFileReference; explicitFileType = wrapper.application; includeInIndex = 0; path = DynamiclySizedTableViewCells.app; sourceTree = BUILT_PRODUCTS_DIR; };
		03060495195A2234005D5A4D /* Foundation.framework */ = {isa = PBXFileReference; lastKnownFileType = wrapper.framework; name = Foundation.framework; path = System/Library/Frameworks/Foundation.framework; sourceTree = SDKROOT; };
		03060497195A2234005D5A4D /* CoreGraphics.framework */ = {isa = PBXFileReference; lastKnownFileType = wrapper.framework; name = CoreGraphics.framework; path = System/Library/Frameworks/CoreGraphics.framework; sourceTree = SDKROOT; };
		03060499195A2234005D5A4D /* UIKit.framework */ = {isa = PBXFileReference; lastKnownFileType = wrapper.framework; name = UIKit.framework; path = System/Library/Frameworks/UIKit.framework; sourceTree = SDKROOT; };
		0306049D195A2234005D5A4D /* DynamiclySizedTableViewCells-Info.plist */ = {isa = PBXFileReference; lastKnownFileType = text.plist.xml; path = "DynamiclySizedTableViewCells-Info.plist"; sourceTree = "<group>"; };
		0306049F195A2234005D5A4D /* en */ = {isa = PBXFileReference; lastKnownFileType = text.plist.strings; name = en; path = en.lproj/InfoPlist.strings; sourceTree = "<group>"; };
		030604A1195A2234005D5A4D /* main.m */ = {isa = PBXFileReference; lastKnownFileType = sourcecode.c.objc; path = main.m; sourceTree = "<group>"; };
		030604A3195A2234005D5A4D /* DynamiclySizedTableViewCells-Prefix.pch */ = {isa = PBXFileReference; lastKnownFileType = sourcecode.c.h; path = "DynamiclySizedTableViewCells-Prefix.pch"; sourceTree = "<group>"; };
		030604A4195A2234005D5A4D /* SAMAppDelegate.h */ = {isa = PBXFileReference; lastKnownFileType = sourcecode.c.h; path = SAMAppDelegate.h; sourceTree = "<group>"; };
		030604A5195A2234005D5A4D /* SAMAppDelegate.m */ = {isa = PBXFileReference; lastKnownFileType = sourcecode.c.objc; path = SAMAppDelegate.m; sourceTree = "<group>"; };
		030604A8195A2234005D5A4D /* Base */ = {isa = PBXFileReference; lastKnownFileType = file.storyboard; name = Base; path = Base.lproj/Main.storyboard; sourceTree = "<group>"; };
		030604AA195A2234005D5A4D /* SAMViewController.h */ = {isa = PBXFileReference; lastKnownFileType = sourcecode.c.h; path = SAMViewController.h; sourceTree = "<group>"; };
		030604AB195A2234005D5A4D /* SAMViewController.m */ = {isa = PBXFileReference; lastKnownFileType = sourcecode.c.objc; path = SAMViewController.m; sourceTree = "<group>"; };
		030604AD195A2234005D5A4D /* Images.xcassets */ = {isa = PBXFileReference; lastKnownFileType = folder.assetcatalog; path = Images.xcassets; sourceTree = "<group>"; };
		030604B3195A2234005D5A4D /* DynamiclySizedTableViewCellsTests.xctest */ = {isa = PBXFileReference; explicitFileType = wrapper.cfbundle; includeInIndex = 0; path = DynamiclySizedTableViewCellsTests.xctest; sourceTree = BUILT_PRODUCTS_DIR; };
		030604B4195A2234005D5A4D /* XCTest.framework */ = {isa = PBXFileReference; lastKnownFileType = wrapper.framework; name = XCTest.framework; path = Library/Frameworks/XCTest.framework; sourceTree = DEVELOPER_DIR; };
		030604BC195A2234005D5A4D /* DynamiclySizedTableViewCellsTests-Info.plist */ = {isa = PBXFileReference; lastKnownFileType = text.plist.xml; path = "DynamiclySizedTableViewCellsTests-Info.plist"; sourceTree = "<group>"; };
		030604BE195A2234005D5A4D /* en */ = {isa = PBXFileReference; lastKnownFileType = text.plist.strings; name = en; path = en.lproj/InfoPlist.strings; sourceTree = "<group>"; };
		030604C0195A2234005D5A4D /* DynamiclySizedTableViewCellsTests.m */ = {isa = PBXFileReference; lastKnownFileType = sourcecode.c.objc; path = DynamiclySizedTableViewCellsTests.m; sourceTree = "<group>"; };
/* End PBXFileReference section */

/* Begin PBXFrameworksBuildPhase section */
		0306048F195A2234005D5A4D /* Frameworks */ = {
			isa = PBXFrameworksBuildPhase;
			buildActionMask = 2147483647;
			files = (
				03060498195A2234005D5A4D /* CoreGraphics.framework in Frameworks */,
				0306049A195A2234005D5A4D /* UIKit.framework in Frameworks */,
				03060496195A2234005D5A4D /* Foundation.framework in Frameworks */,
			);
			runOnlyForDeploymentPostprocessing = 0;
		};
		030604B0195A2234005D5A4D /* Frameworks */ = {
			isa = PBXFrameworksBuildPhase;
			buildActionMask = 2147483647;
			files = (
				030604B5195A2234005D5A4D /* XCTest.framework in Frameworks */,
				030604B7195A2234005D5A4D /* UIKit.framework in Frameworks */,
				030604B6195A2234005D5A4D /* Foundation.framework in Frameworks */,
			);
			runOnlyForDeploymentPostprocessing = 0;
		};
/* End PBXFrameworksBuildPhase section */

/* Begin PBXGroup section */
		03060489195A2234005D5A4D = {
			isa = PBXGroup;
			children = (
				0306049B195A2234005D5A4D /* DynamiclySizedTableViewCells */,
				030604BA195A2234005D5A4D /* DynamiclySizedTableViewCellsTests */,
				03060494195A2234005D5A4D /* Frameworks */,
				03060493195A2234005D5A4D /* Products */,
			);
			sourceTree = "<group>";
		};
		03060493195A2234005D5A4D /* Products */ = {
			isa = PBXGroup;
			children = (
				03060492195A2234005D5A4D /* DynamiclySizedTableViewCells.app */,
				030604B3195A2234005D5A4D /* DynamiclySizedTableViewCellsTests.xctest */,
			);
			name = Products;
			sourceTree = "<group>";
		};
		03060494195A2234005D5A4D /* Frameworks */ = {
			isa = PBXGroup;
			children = (
				03060495195A2234005D5A4D /* Foundation.framework */,
				03060497195A2234005D5A4D /* CoreGraphics.framework */,
				03060499195A2234005D5A4D /* UIKit.framework */,
				030604B4195A2234005D5A4D /* XCTest.framework */,
			);
			name = Frameworks;
			sourceTree = "<group>";
		};
		0306049B195A2234005D5A4D /* DynamiclySizedTableViewCells */ = {
			isa = PBXGroup;
			children = (
				030604A4195A2234005D5A4D /* SAMAppDelegate.h */,
				030604A5195A2234005D5A4D /* SAMAppDelegate.m */,
				030604A7195A2234005D5A4D /* Main.storyboard */,
				030604AA195A2234005D5A4D /* SAMViewController.h */,
				030604AB195A2234005D5A4D /* SAMViewController.m */,
				030604AD195A2234005D5A4D /* Images.xcassets */,
				0306049C195A2234005D5A4D /* Supporting Files */,
			);
			path = DynamiclySizedTableViewCells;
			sourceTree = "<group>";
		};
		0306049C195A2234005D5A4D /* Supporting Files */ = {
			isa = PBXGroup;
			children = (
				0306049D195A2234005D5A4D /* DynamiclySizedTableViewCells-Info.plist */,
				0306049E195A2234005D5A4D /* InfoPlist.strings */,
				030604A1195A2234005D5A4D /* main.m */,
				030604A3195A2234005D5A4D /* DynamiclySizedTableViewCells-Prefix.pch */,
			);
			name = "Supporting Files";
			sourceTree = "<group>";
		};
		030604BA195A2234005D5A4D /* DynamiclySizedTableViewCellsTests */ = {
			isa = PBXGroup;
			children = (
				030604C0195A2234005D5A4D /* DynamiclySizedTableViewCellsTests.m */,
				030604BB195A2234005D5A4D /* Supporting Files */,
			);
			path = DynamiclySizedTableViewCellsTests;
			sourceTree = "<group>";
		};
		030604BB195A2234005D5A4D /* Supporting Files */ = {
			isa = PBXGroup;
			children = (
				030604BC195A2234005D5A4D /* DynamiclySizedTableViewCellsTests-Info.plist */,
				030604BD195A2234005D5A4D /* InfoPlist.strings */,
			);
			name = "Supporting Files";
			sourceTree = "<group>";
		};
/* End PBXGroup section */

/* Begin PBXNativeTarget section */
		03060491195A2234005D5A4D /* DynamiclySizedTableViewCells */ = {
			isa = PBXNativeTarget;
			buildConfigurationList = 030604C4195A2234005D5A4D /* Build configuration list for PBXNativeTarget "DynamiclySizedTableViewCells" */;
			buildPhases = (
				0306048E195A2234005D5A4D /* Sources */,
				0306048F195A2234005D5A4D /* Frameworks */,
				03060490195A2234005D5A4D /* Resources */,
			);
			buildRules = (
			);
			dependencies = (
			);
			name = DynamiclySizedTableViewCells;
			productName = DynamiclySizedTableViewCells;
			productReference = 03060492195A2234005D5A4D /* DynamiclySizedTableViewCells.app */;
			productType = "com.apple.product-type.application";
		};
		030604B2195A2234005D5A4D /* DynamiclySizedTableViewCellsTests */ = {
			isa = PBXNativeTarget;
			buildConfigurationList = 030604C7195A2234005D5A4D /* Build configuration list for PBXNativeTarget "DynamiclySizedTableViewCellsTests" */;
			buildPhases = (
				030604AF195A2234005D5A4D /* Sources */,
				030604B0195A2234005D5A4D /* Frameworks */,
				030604B1195A2234005D5A4D /* Resources */,
			);
			buildRules = (
			);
			dependencies = (
				030604B9195A2234005D5A4D /* PBXTargetDependency */,
			);
			name = DynamiclySizedTableViewCellsTests;
			productName = DynamiclySizedTableViewCellsTests;
			productReference = 030604B3195A2234005D5A4D /* DynamiclySizedTableViewCellsTests.xctest */;
			productType = "com.apple.product-type.bundle.unit-test";
		};
/* End PBXNativeTarget section */

/* Begin PBXProject section */
		0306048A195A2234005D5A4D /* Project object */ = {
			isa = PBXProject;
			attributes = {
				CLASSPREFIX = SAM;
				LastUpgradeCheck = 0510;
				ORGANIZATIONNAME = "Joshua Wood";
				TargetAttributes = {
					030604B2195A2234005D5A4D = {
						TestTargetID = 03060491195A2234005D5A4D;
					};
				};
			};
			buildConfigurationList = 0306048D195A2234005D5A4D /* Build configuration list for PBXProject "DynamiclySizedTableViewCells" */;
			compatibilityVersion = "Xcode 3.2";
			developmentRegion = English;
			hasScannedForEncodings = 0;
			knownRegions = (
				en,
				Base,
			);
			mainGroup = 03060489195A2234005D5A4D;
			productRefGroup = 03060493195A2234005D5A4D /* Products */;
			projectDirPath = "";
			projectRoot = "";
			targets = (
				03060491195A2234005D5A4D /* DynamiclySizedTableViewCells */,
				030604B2195A2234005D5A4D /* DynamiclySizedTableViewCellsTests */,
			);
		};
/* End PBXProject section */

/* Begin PBXResourcesBuildPhase section */
		03060490195A2234005D5A4D /* Resources */ = {
			isa = PBXResourcesBuildPhase;
			buildActionMask = 2147483647;
			files = (
				030604AE195A2234005D5A4D /* Images.xcassets in Resources */,
				030604A0195A2234005D5A4D /* InfoPlist.strings in Resources */,
				030604A9195A2234005D5A4D /* Main.storyboard in Resources */,
			);
			runOnlyForDeploymentPostprocessing = 0;
		};
		030604B1195A2234005D5A4D /* Resources */ = {
			isa = PBXResourcesBuildPhase;
			buildActionMask = 2147483647;
			files = (
				030604BF195A2234005D5A4D /* InfoPlist.strings in Resources */,
			);
			runOnlyForDeploymentPostprocessing = 0;
		};
/* End PBXResourcesBuildPhase section */

/* Begin PBXSourcesBuildPhase section */
		0306048E195A2234005D5A4D /* Sources */ = {
			isa = PBXSourcesBuildPhase;
			buildActionMask = 2147483647;
			files = (
				030604A6195A2234005D5A4D /* SAMAppDelegate.m in Sources */,
				030604AC195A2234005D5A4D /* SAMViewController.m in Sources */,
				030604A2195A2234005D5A4D /* main.m in Sources */,
			);
			runOnlyForDeploymentPostprocessing = 0;
		};
		030604AF195A2234005D5A4D /* Sources */ = {
			isa = PBXSourcesBuildPhase;
			buildActionMask = 2147483647;
			files = (
				030604C1195A2234005D5A4D /* DynamiclySizedTableViewCellsTests.m in Sources */,
			);
			runOnlyForDeploymentPostprocessing = 0;
		};
/* End PBXSourcesBuildPhase section */

/* Begin PBXTargetDependency section */
		030604B9195A2234005D5A4D /* PBXTargetDependency */ = {
			isa = PBXTargetDependency;
			target = 03060491195A2234005D5A4D /* DynamiclySizedTableViewCells */;
			targetProxy = 030604B8195A2234005D5A4D /* PBXContainerItemProxy */;
		};
/* End PBXTargetDependency section */

/* Begin PBXVariantGroup section */
		0306049E195A2234005D5A4D /* InfoPlist.strings */ = {
			isa = PBXVariantGroup;
			children = (
				0306049F195A2234005D5A4D /* en */,
			);
			name = InfoPlist.strings;
			sourceTree = "<group>";
		};
		030604A7195A2234005D5A4D /* Main.storyboard */ = {
			isa = PBXVariantGroup;
			children = (
				030604A8195A2234005D5A4D /* Base */,
			);
			name = Main.storyboard;
			sourceTree = "<group>";
		};
		030604BD195A2234005D5A4D /* InfoPlist.strings */ = {
			isa = PBXVariantGroup;
			children = (
				030604BE195A2234005D5A4D /* en */,
			);
			name = InfoPlist.strings;
			sourceTree = "<group>";
		};
/* End PBXVariantGroup section */

/* Begin XCBuildConfiguration section */
		030604C2195A2234005D5A4D /* Debug */ = {
			isa = XCBuildConfiguration;
			buildSettings = {
				ALWAYS_SEARCH_USER_PATHS = NO;
				CLANG_CXX_LANGUAGE_STANDARD = "gnu++0x";
				CLANG_CXX_LIBRARY = "libc++";
				CLANG_ENABLE_MODULES = YES;
				CLANG_ENABLE_OBJC_ARC = YES;
				CLANG_WARN_BOOL_CONVERSION = YES;
				CLANG_WARN_CONSTANT_CONVERSION = YES;
				CLANG_WARN_DIRECT_OBJC_ISA_USAGE = YES_ERROR;
				CLANG_WARN_EMPTY_BODY = YES;
				CLANG_WARN_ENUM_CONVERSION = YES;
				CLANG_WARN_INT_CONVERSION = YES;
				CLANG_WARN_OBJC_ROOT_CLASS = YES_ERROR;
				CLANG_WARN__DUPLICATE_METHOD_MATCH = YES;
				"CODE_SIGN_IDENTITY[sdk=iphoneos*]" = "iPhone Developer";
				COPY_PHASE_STRIP = NO;
				GCC_C_LANGUAGE_STANDARD = gnu99;
				GCC_DYNAMIC_NO_PIC = NO;
				GCC_OPTIMIZATION_LEVEL = 0;
				GCC_PREPROCESSOR_DEFINITIONS = (
					"DEBUG=1",
					"$(inherited)",
				);
				GCC_SYMBOLS_PRIVATE_EXTERN = NO;
				GCC_WARN_64_TO_32_BIT_CONVERSION = YES;
				GCC_WARN_ABOUT_RETURN_TYPE = YES_ERROR;
				GCC_WARN_UNDECLARED_SELECTOR = YES;
				GCC_WARN_UNINITIALIZED_AUTOS = YES_AGGRESSIVE;
				GCC_WARN_UNUSED_FUNCTION = YES;
				GCC_WARN_UNUSED_VARIABLE = YES;
				IPHONEOS_DEPLOYMENT_TARGET = 7.1;
				ONLY_ACTIVE_ARCH = YES;
				SDKROOT = iphoneos;
			};
			name = Debug;
		};
		030604C3195A2234005D5A4D /* Release */ = {
			isa = XCBuildConfiguration;
			buildSettings = {
				ALWAYS_SEARCH_USER_PATHS = NO;
				CLANG_CXX_LANGUAGE_STANDARD = "gnu++0x";
				CLANG_CXX_LIBRARY = "libc++";
				CLANG_ENABLE_MODULES = YES;
				CLANG_ENABLE_OBJC_ARC = YES;
				CLANG_WARN_BOOL_CONVERSION = YES;
				CLANG_WARN_CONSTANT_CONVERSION = YES;
				CLANG_WARN_DIRECT_OBJC_ISA_USAGE = YES_ERROR;
				CLANG_WARN_EMPTY_BODY = YES;
				CLANG_WARN_ENUM_CONVERSION = YES;
				CLANG_WARN_INT_CONVERSION = YES;
				CLANG_WARN_OBJC_ROOT_CLASS = YES_ERROR;
				CLANG_WARN__DUPLICATE_METHOD_MATCH = YES;
				"CODE_SIGN_IDENTITY[sdk=iphoneos*]" = "iPhone Developer";
				COPY_PHASE_STRIP = YES;
				ENABLE_NS_ASSERTIONS = NO;
				GCC_C_LANGUAGE_STANDARD = gnu99;
				GCC_WARN_64_TO_32_BIT_CONVERSION = YES;
				GCC_WARN_ABOUT_RETURN_TYPE = YES_ERROR;
				GCC_WARN_UNDECLARED_SELECTOR = YES;
				GCC_WARN_UNINITIALIZED_AUTOS = YES_AGGRESSIVE;
				GCC_WARN_UNUSED_FUNCTION = YES;
				GCC_WARN_UNUSED_VARIABLE = YES;
				IPHONEOS_DEPLOYMENT_TARGET = 7.1;
				SDKROOT = iphoneos;
				VALIDATE_PRODUCT = YES;
			};
			name = Release;
		};
		030604C5195A2234005D5A4D /* Debug */ = {
			isa = XCBuildConfiguration;
			buildSettings = {
				ASSETCATALOG_COMPILER_APPICON_NAME = AppIcon;
				ASSETCATALOG_COMPILER_LAUNCHIMAGE_NAME = LaunchImage;
				GCC_PRECOMPILE_PREFIX_HEADER = YES;
				GCC_PREFIX_HEADER = "DynamiclySizedTableViewCells/DynamiclySizedTableViewCells-Prefix.pch";
				INFOPLIST_FILE = "DynamiclySizedTableViewCells/DynamiclySizedTableViewCells-Info.plist";
				PRODUCT_NAME = "$(TARGET_NAME)";
				WRAPPER_EXTENSION = app;
			};
			name = Debug;
		};
		030604C6195A2234005D5A4D /* Release */ = {
			isa = XCBuildConfiguration;
			buildSettings = {
				ASSETCATALOG_COMPILER_APPICON_NAME = AppIcon;
				ASSETCATALOG_COMPILER_LAUNCHIMAGE_NAME = LaunchImage;
				GCC_PRECOMPILE_PREFIX_HEADER = YES;
				GCC_PREFIX_HEADER = "DynamiclySizedTableViewCells/DynamiclySizedTableViewCells-Prefix.pch";
				INFOPLIST_FILE = "DynamiclySizedTableViewCells/DynamiclySizedTableViewCells-Info.plist";
				PRODUCT_NAME = "$(TARGET_NAME)";
				WRAPPER_EXTENSION = app;
			};
			name = Release;
		};
		030604C8195A2234005D5A4D /* Debug */ = {
			isa = XCBuildConfiguration;
			buildSettings = {
				BUNDLE_LOADER = "$(BUILT_PRODUCTS_DIR)/DynamiclySizedTableViewCells.app/DynamiclySizedTableViewCells";
				FRAMEWORK_SEARCH_PATHS = (
					"$(SDKROOT)/Developer/Library/Frameworks",
					"$(inherited)",
					"$(DEVELOPER_FRAMEWORKS_DIR)",
				);
				GCC_PRECOMPILE_PREFIX_HEADER = YES;
				GCC_PREFIX_HEADER = "DynamiclySizedTableViewCells/DynamiclySizedTableViewCells-Prefix.pch";
				GCC_PREPROCESSOR_DEFINITIONS = (
					"DEBUG=1",
					"$(inherited)",
				);
				INFOPLIST_FILE = "DynamiclySizedTableViewCellsTests/DynamiclySizedTableViewCellsTests-Info.plist";
				PRODUCT_NAME = "$(TARGET_NAME)";
				TEST_HOST = "$(BUNDLE_LOADER)";
				WRAPPER_EXTENSION = xctest;
			};
			name = Debug;
		};
		030604C9195A2234005D5A4D /* Release */ = {
			isa = XCBuildConfiguration;
			buildSettings = {
				BUNDLE_LOADER = "$(BUILT_PRODUCTS_DIR)/DynamiclySizedTableViewCells.app/DynamiclySizedTableViewCells";
				FRAMEWORK_SEARCH_PATHS = (
					"$(SDKROOT)/Developer/Library/Frameworks",
					"$(inherited)",
					"$(DEVELOPER_FRAMEWORKS_DIR)",
				);
				GCC_PRECOMPILE_PREFIX_HEADER = YES;
				GCC_PREFIX_HEADER = "DynamiclySizedTableViewCells/DynamiclySizedTableViewCells-Prefix.pch";
				INFOPLIST_FILE = "DynamiclySizedTableViewCellsTests/DynamiclySizedTableViewCellsTests-Info.plist";
				PRODUCT_NAME = "$(TARGET_NAME)";
				TEST_HOST = "$(BUNDLE_LOADER)";
				WRAPPER_EXTENSION = xctest;
			};
			name = Release;
		};
/* End XCBuildConfiguration section */

/* Begin XCConfigurationList section */
		0306048D195A2234005D5A4D /* Build configuration list for PBXProject "DynamiclySizedTableViewCells" */ = {
			isa = XCConfigurationList;
			buildConfigurations = (
				030604C2195A2234005D5A4D /* Debug */,
				030604C3195A2234005D5A4D /* Release */,
			);
			defaultConfigurationIsVisible = 0;
			defaultConfigurationName = Release;
		};
		030604C4195A2234005D5A4D /* Build configuration list for PBXNativeTarget "DynamiclySizedTableViewCells" */ = {
			isa = XCConfigurationList;
			buildConfigurations = (
				030604C5195A2234005D5A4D /* Debug */,
				030604C6195A2234005D5A4D /* Release */,
			);
			defaultConfigurationIsVisible = 0;
		};
		030604C7195A2234005D5A4D /* Build configuration list for PBXNativeTarget "DynamiclySizedTableViewCellsTests" */ = {
			isa = XCConfigurationList;
			buildConfigurations = (
				030604C8195A2234005D5A4D /* Debug */,
				030604C9195A2234005D5A4D /* Release */,
			);
			defaultConfigurationIsVisible = 0;
		};
/* End XCConfigurationList section */
	};
	rootObject = 0306048A195A2234005D5A4D /* Project object */;
}
